// !$*UTF8*$!
{
	archiveVersion = 1;
	classes = {
	};
	objectVersion = 55;
	objects = {

/* Begin PBXBuildFile section */
		667B402AB749B23BA4CBFDC5 /* libPods-How'd You Shoot?.a in Frameworks */ = {isa = PBXBuildFile; fileRef = 861E259A48C8B1BD98B08F2F /* libPods-How'd You Shoot?.a */; };
		9330148C281752D500807B5F /* GetGolfData.swift in Sources */ = {isa = PBXBuildFile; fileRef = 9330148B281752D500807B5F /* GetGolfData.swift */; };
		934029762817810400881743 /* SplashScreenViewController.swift in Sources */ = {isa = PBXBuildFile; fileRef = 934029752817810400881743 /* SplashScreenViewController.swift */; };
		934E074228185D5C00C431B3 /* APIKeys.swift in Sources */ = {isa = PBXBuildFile; fileRef = 934E074128185D5C00C431B3 /* APIKeys.swift */; };
		937DF8DF2817324900E49CB9 /* GolfTableViewCell.swift in Sources */ = {isa = PBXBuildFile; fileRef = 937DF8DE2817324900E49CB9 /* GolfTableViewCell.swift */; };
		93EEEC072816EE9600D3E757 /* AppDelegate.swift in Sources */ = {isa = PBXBuildFile; fileRef = 93EEEC062816EE9600D3E757 /* AppDelegate.swift */; };
		93EEEC092816EE9600D3E757 /* SceneDelegate.swift in Sources */ = {isa = PBXBuildFile; fileRef = 93EEEC082816EE9600D3E757 /* SceneDelegate.swift */; };
		93EEEC0B2816EE9600D3E757 /* ViewController.swift in Sources */ = {isa = PBXBuildFile; fileRef = 93EEEC0A2816EE9600D3E757 /* ViewController.swift */; };
		93EEEC0E2816EE9600D3E757 /* Main.storyboard in Resources */ = {isa = PBXBuildFile; fileRef = 93EEEC0C2816EE9600D3E757 /* Main.storyboard */; };
		93EEEC102816EEAC00D3E757 /* Assets.xcassets in Resources */ = {isa = PBXBuildFile; fileRef = 93EEEC0F2816EEAC00D3E757 /* Assets.xcassets */; };
		93EEEC132816EEAC00D3E757 /* LaunchScreen.storyboard in Resources */ = {isa = PBXBuildFile; fileRef = 93EEEC112816EEAC00D3E757 /* LaunchScreen.storyboard */; };
		93EEEC1B2817031B00D3E757 /* GolfData.swift in Sources */ = {isa = PBXBuildFile; fileRef = 93EEEC1A2817031A00D3E757 /* GolfData.swift */; };
		93EEEC1D2817036700D3E757 /* DetailViewController.swift in Sources */ = {isa = PBXBuildFile; fileRef = 93EEEC1C2817036700D3E757 /* DetailViewController.swift */; };
/* End PBXBuildFile section */

/* Begin PBXFileReference section */
		50E5BD3AC0DBEC3B93EE115B /* Pods-How'd You Shoot?.debug.xcconfig */ = {isa = PBXFileReference; includeInIndex = 1; lastKnownFileType = text.xcconfig; name = "Pods-How'd You Shoot?.debug.xcconfig"; path = "Target Support Files/Pods-How'd You Shoot?/Pods-How'd You Shoot?.debug.xcconfig"; sourceTree = "<group>"; };
		861E259A48C8B1BD98B08F2F /* libPods-How'd You Shoot?.a */ = {isa = PBXFileReference; explicitFileType = archive.ar; includeInIndex = 0; path = "libPods-How'd You Shoot?.a"; sourceTree = BUILT_PRODUCTS_DIR; };
		9330148B281752D500807B5F /* GetGolfData.swift */ = {isa = PBXFileReference; lastKnownFileType = sourcecode.swift; path = GetGolfData.swift; sourceTree = "<group>"; };
		934029752817810400881743 /* SplashScreenViewController.swift */ = {isa = PBXFileReference; lastKnownFileType = sourcecode.swift; path = SplashScreenViewController.swift; sourceTree = "<group>"; };
		934E074128185D5C00C431B3 /* APIKeys.swift */ = {isa = PBXFileReference; lastKnownFileType = sourcecode.swift; path = APIKeys.swift; sourceTree = "<group>"; };
		937DF8DE2817324900E49CB9 /* GolfTableViewCell.swift */ = {isa = PBXFileReference; lastKnownFileType = sourcecode.swift; path = GolfTableViewCell.swift; sourceTree = "<group>"; };
		93EEEC032816EE9600D3E757 /* How'd You Shoot?.app */ = {isa = PBXFileReference; explicitFileType = wrapper.application; includeInIndex = 0; path = "How'd You Shoot?.app"; sourceTree = BUILT_PRODUCTS_DIR; };
		93EEEC062816EE9600D3E757 /* AppDelegate.swift */ = {isa = PBXFileReference; lastKnownFileType = sourcecode.swift; path = AppDelegate.swift; sourceTree = "<group>"; };
		93EEEC082816EE9600D3E757 /* SceneDelegate.swift */ = {isa = PBXFileReference; lastKnownFileType = sourcecode.swift; path = SceneDelegate.swift; sourceTree = "<group>"; };
		93EEEC0A2816EE9600D3E757 /* ViewController.swift */ = {isa = PBXFileReference; lastKnownFileType = sourcecode.swift; path = ViewController.swift; sourceTree = "<group>"; };
		93EEEC0D2816EE9600D3E757 /* Base */ = {isa = PBXFileReference; lastKnownFileType = file.storyboard; name = Base; path = Base.lproj/Main.storyboard; sourceTree = "<group>"; };
		93EEEC0F2816EEAC00D3E757 /* Assets.xcassets */ = {isa = PBXFileReference; lastKnownFileType = folder.assetcatalog; path = Assets.xcassets; sourceTree = "<group>"; };
		93EEEC122816EEAC00D3E757 /* Base */ = {isa = PBXFileReference; lastKnownFileType = file.storyboard; name = Base; path = Base.lproj/LaunchScreen.storyboard; sourceTree = "<group>"; };
		93EEEC142816EEAC00D3E757 /* Info.plist */ = {isa = PBXFileReference; lastKnownFileType = text.plist.xml; path = Info.plist; sourceTree = "<group>"; };
		93EEEC1A2817031A00D3E757 /* GolfData.swift */ = {isa = PBXFileReference; lastKnownFileType = sourcecode.swift; path = GolfData.swift; sourceTree = "<group>"; };
		93EEEC1C2817036700D3E757 /* DetailViewController.swift */ = {isa = PBXFileReference; lastKnownFileType = sourcecode.swift; path = DetailViewController.swift; sourceTree = "<group>"; };
		9A0508C1F6DC5EE901700D5B /* Pods-How'd You Shoot?.release.xcconfig */ = {isa = PBXFileReference; includeInIndex = 1; lastKnownFileType = text.xcconfig; name = "Pods-How'd You Shoot?.release.xcconfig"; path = "Target Support Files/Pods-How'd You Shoot?/Pods-How'd You Shoot?.release.xcconfig"; sourceTree = "<group>"; };
/* End PBXFileReference section */

/* Begin PBXFrameworksBuildPhase section */
		93EEEC002816EE9500D3E757 /* Frameworks */ = {
			isa = PBXFrameworksBuildPhase;
			buildActionMask = 2147483647;
			files = (
				667B402AB749B23BA4CBFDC5 /* libPods-How'd You Shoot?.a in Frameworks */,
			);
			runOnlyForDeploymentPostprocessing = 0;
		};
/* End PBXFrameworksBuildPhase section */

/* Begin PBXGroup section */
		674641A5F3D009B39CE99362 /* Pods */ = {
			isa = PBXGroup;
			children = (
				50E5BD3AC0DBEC3B93EE115B /* Pods-How'd You Shoot?.debug.xcconfig */,
				9A0508C1F6DC5EE901700D5B /* Pods-How'd You Shoot?.release.xcconfig */,
			);
			name = Pods;
			path = Pods;
			sourceTree = "<group>";
		};
		8D95D601DC35589CB08ECE57 /* Frameworks */ = {
			isa = PBXGroup;
			children = (
				861E259A48C8B1BD98B08F2F /* libPods-How'd You Shoot?.a */,
			);
			name = Frameworks;
			sourceTree = "<group>";
		};
		93EEEBFA2816EE9400D3E757 = {
			isa = PBXGroup;
			children = (
				93EEEC052816EE9600D3E757 /* How'd You Shoot? */,
				93EEEC042816EE9600D3E757 /* Products */,
				674641A5F3D009B39CE99362 /* Pods */,
				8D95D601DC35589CB08ECE57 /* Frameworks */,
			);
			sourceTree = "<group>";
		};
		93EEEC042816EE9600D3E757 /* Products */ = {
			isa = PBXGroup;
			children = (
				93EEEC032816EE9600D3E757 /* How'd You Shoot?.app */,
			);
			name = Products;
			sourceTree = "<group>";
		};
		93EEEC052816EE9600D3E757 /* How'd You Shoot? */ = {
			isa = PBXGroup;
			children = (
				93EEEC062816EE9600D3E757 /* AppDelegate.swift */,
				93EEEC082816EE9600D3E757 /* SceneDelegate.swift */,
				93EEEC1A2817031A00D3E757 /* GolfData.swift */,
				9330148B281752D500807B5F /* GetGolfData.swift */,
				93EEEC0A2816EE9600D3E757 /* ViewController.swift */,
				93EEEC1C2817036700D3E757 /* DetailViewController.swift */,
				934029752817810400881743 /* SplashScreenViewController.swift */,
				937DF8DE2817324900E49CB9 /* GolfTableViewCell.swift */,
				934E074128185D5C00C431B3 /* APIKeys.swift */,
				93EEEC0C2816EE9600D3E757 /* Main.storyboard */,
				93EEEC0F2816EEAC00D3E757 /* Assets.xcassets */,
				93EEEC112816EEAC00D3E757 /* LaunchScreen.storyboard */,
				93EEEC142816EEAC00D3E757 /* Info.plist */,
			);
			path = "How'd You Shoot?";
			sourceTree = "<group>";
		};
/* End PBXGroup section */

/* Begin PBXNativeTarget section */
		93EEEC022816EE9500D3E757 /* How'd You Shoot? */ = {
			isa = PBXNativeTarget;
			buildConfigurationList = 93EEEC172816EEAC00D3E757 /* Build configuration list for PBXNativeTarget "How'd You Shoot?" */;
			buildPhases = (
				F42010B35E45EE7231CE560F /* [CP] Check Pods Manifest.lock */,
				93EEEBFF2816EE9500D3E757 /* Sources */,
				93EEEC002816EE9500D3E757 /* Frameworks */,
				93EEEC012816EE9500D3E757 /* Resources */,
				62A2D6AA987929002834CE19 /* [CP] Copy Pods Resources */,
			);
			buildRules = (
			);
			dependencies = (
			);
			name = "How'd You Shoot?";
			productName = "How'd You Shoot?";
			productReference = 93EEEC032816EE9600D3E757 /* How'd You Shoot?.app */;
			productType = "com.apple.product-type.application";
		};
/* End PBXNativeTarget section */

/* Begin PBXProject section */
		93EEEBFB2816EE9500D3E757 /* Project object */ = {
			isa = PBXProject;
			attributes = {
				BuildIndependentTargetsInParallel = 1;
				LastSwiftUpdateCheck = 1330;
				LastUpgradeCheck = 1330;
				TargetAttributes = {
					93EEEC022816EE9500D3E757 = {
						CreatedOnToolsVersion = 13.3.1;
					};
				};
			};
			buildConfigurationList = 93EEEBFE2816EE9500D3E757 /* Build configuration list for PBXProject "How'd You Shoot?" */;
			compatibilityVersion = "Xcode 13.0";
			developmentRegion = en;
			hasScannedForEncodings = 0;
			knownRegions = (
				en,
				Base,
			);
			mainGroup = 93EEEBFA2816EE9400D3E757;
			productRefGroup = 93EEEC042816EE9600D3E757 /* Products */;
			projectDirPath = "";
			projectRoot = "";
			targets = (
				93EEEC022816EE9500D3E757 /* How'd You Shoot? */,
			);
		};
/* End PBXProject section */

/* Begin PBXResourcesBuildPhase section */
		93EEEC012816EE9500D3E757 /* Resources */ = {
			isa = PBXResourcesBuildPhase;
			buildActionMask = 2147483647;
			files = (
				93EEEC132816EEAC00D3E757 /* LaunchScreen.storyboard in Resources */,
				93EEEC102816EEAC00D3E757 /* Assets.xcassets in Resources */,
				93EEEC0E2816EE9600D3E757 /* Main.storyboard in Resources */,
			);
			runOnlyForDeploymentPostprocessing = 0;
		};
/* End PBXResourcesBuildPhase section */

/* Begin PBXShellScriptBuildPhase section */
		62A2D6AA987929002834CE19 /* [CP] Copy Pods Resources */ = {
			isa = PBXShellScriptBuildPhase;
			buildActionMask = 2147483647;
			files = (
			);
			inputFileListPaths = (
				"${PODS_ROOT}/Target Support Files/Pods-How'd You Shoot?/Pods-How'd You Shoot?-resources-${CONFIGURATION}-input-files.xcfilelist",
			);
			name = "[CP] Copy Pods Resources";
			outputFileListPaths = (
				"${PODS_ROOT}/Target Support Files/Pods-How'd You Shoot?/Pods-How'd You Shoot?-resources-${CONFIGURATION}-output-files.xcfilelist",
			);
			runOnlyForDeploymentPostprocessing = 0;
			shellPath = /bin/sh;
			shellScript = "\"${PODS_ROOT}/Target Support Files/Pods-How'd You Shoot?/Pods-How'd You Shoot?-resources.sh\"\n";
			showEnvVarsInLog = 0;
		};
		F42010B35E45EE7231CE560F /* [CP] Check Pods Manifest.lock */ = {
			isa = PBXShellScriptBuildPhase;
			buildActionMask = 2147483647;
			files = (
			);
			inputFileListPaths = (
			);
			inputPaths = (
				"${PODS_PODFILE_DIR_PATH}/Podfile.lock",
				"${PODS_ROOT}/Manifest.lock",
			);
			name = "[CP] Check Pods Manifest.lock";
			outputFileListPaths = (
			);
			outputPaths = (
				"$(DERIVED_FILE_DIR)/Pods-How'd You Shoot?-checkManifestLockResult.txt",
			);
			runOnlyForDeploymentPostprocessing = 0;
			shellPath = /bin/sh;
			shellScript = "diff \"${PODS_PODFILE_DIR_PATH}/Podfile.lock\" \"${PODS_ROOT}/Manifest.lock\" > /dev/null\nif [ $? != 0 ] ; then\n    # print error to STDERR\n    echo \"error: The sandbox is not in sync with the Podfile.lock. Run 'pod install' or update your CocoaPods installation.\" >&2\n    exit 1\nfi\n# This output is used by Xcode 'outputs' to avoid re-running this script phase.\necho \"SUCCESS\" > \"${SCRIPT_OUTPUT_FILE_0}\"\n";
			showEnvVarsInLog = 0;
		};
/* End PBXShellScriptBuildPhase section */

/* Begin PBXSourcesBuildPhase section */
		93EEEBFF2816EE9500D3E757 /* Sources */ = {
			isa = PBXSourcesBuildPhase;
			buildActionMask = 2147483647;
			files = (
				93EEEC0B2816EE9600D3E757 /* ViewController.swift in Sources */,
				9330148C281752D500807B5F /* GetGolfData.swift in Sources */,
				934029762817810400881743 /* SplashScreenViewController.swift in Sources */,
				934E074228185D5C00C431B3 /* APIKeys.swift in Sources */,
				93EEEC072816EE9600D3E757 /* AppDelegate.swift in Sources */,
				93EEEC1D2817036700D3E757 /* DetailViewController.swift in Sources */,
				93EEEC092816EE9600D3E757 /* SceneDelegate.swift in Sources */,
				93EEEC1B2817031B00D3E757 /* GolfData.swift in Sources */,
				937DF8DF2817324900E49CB9 /* GolfTableViewCell.swift in Sources */,
			);
			runOnlyForDeploymentPostprocessing = 0;
		};
/* End PBXSourcesBuildPhase section */

/* Begin PBXVariantGroup section */
		93EEEC0C2816EE9600D3E757 /* Main.storyboard */ = {
			isa = PBXVariantGroup;
			children = (
				93EEEC0D2816EE9600D3E757 /* Base */,
			);
			name = Main.storyboard;
			sourceTree = "<group>";
		};
		93EEEC112816EEAC00D3E757 /* LaunchScreen.storyboard */ = {
			isa = PBXVariantGroup;
			children = (
				93EEEC122816EEAC00D3E757 /* Base */,
			);
			name = LaunchScreen.storyboard;
			sourceTree = "<group>";
		};
/* End PBXVariantGroup section */

/* Begin XCBuildConfiguration section */
		93EEEC152816EEAC00D3E757 /* Debug */ = {
			isa = XCBuildConfiguration;
			buildSettings = {
				ALWAYS_SEARCH_USER_PATHS = NO;
				CLANG_ANALYZER_NONNULL = YES;
				CLANG_ANALYZER_NUMBER_OBJECT_CONVERSION = YES_AGGRESSIVE;
				CLANG_CXX_LANGUAGE_STANDARD = "gnu++17";
				CLANG_ENABLE_MODULES = YES;
				CLANG_ENABLE_OBJC_ARC = YES;
				CLANG_ENABLE_OBJC_WEAK = YES;
				CLANG_WARN_BLOCK_CAPTURE_AUTORELEASING = YES;
				CLANG_WARN_BOOL_CONVERSION = YES;
				CLANG_WARN_COMMA = YES;
				CLANG_WARN_CONSTANT_CONVERSION = YES;
				CLANG_WARN_DEPRECATED_OBJC_IMPLEMENTATIONS = YES;
				CLANG_WARN_DIRECT_OBJC_ISA_USAGE = YES_ERROR;
				CLANG_WARN_DOCUMENTATION_COMMENTS = YES;
				CLANG_WARN_EMPTY_BODY = YES;
				CLANG_WARN_ENUM_CONVERSION = YES;
				CLANG_WARN_INFINITE_RECURSION = YES;
				CLANG_WARN_INT_CONVERSION = YES;
				CLANG_WARN_NON_LITERAL_NULL_CONVERSION = YES;
				CLANG_WARN_OBJC_IMPLICIT_RETAIN_SELF = YES;
				CLANG_WARN_OBJC_LITERAL_CONVERSION = YES;
				CLANG_WARN_OBJC_ROOT_CLASS = YES_ERROR;
				CLANG_WARN_QUOTED_INCLUDE_IN_FRAMEWORK_HEADER = YES;
				CLANG_WARN_RANGE_LOOP_ANALYSIS = YES;
				CLANG_WARN_STRICT_PROTOTYPES = YES;
				CLANG_WARN_SUSPICIOUS_MOVE = YES;
				CLANG_WARN_UNGUARDED_AVAILABILITY = YES_AGGRESSIVE;
				CLANG_WARN_UNREACHABLE_CODE = YES;
				CLANG_WARN__DUPLICATE_METHOD_MATCH = YES;
				COPY_PHASE_STRIP = NO;
				DEBUG_INFORMATION_FORMAT = dwarf;
				ENABLE_STRICT_OBJC_MSGSEND = YES;
				ENABLE_TESTABILITY = YES;
				GCC_C_LANGUAGE_STANDARD = gnu11;
				GCC_DYNAMIC_NO_PIC = NO;
				GCC_NO_COMMON_BLOCKS = YES;
				GCC_OPTIMIZATION_LEVEL = 0;
				GCC_PREPROCESSOR_DEFINITIONS = (
					"DEBUG=1",
					"$(inherited)",
				);
				GCC_WARN_64_TO_32_BIT_CONVERSION = YES;
				GCC_WARN_ABOUT_RETURN_TYPE = YES_ERROR;
				GCC_WARN_UNDECLARED_SELECTOR = YES;
				GCC_WARN_UNINITIALIZED_AUTOS = YES_AGGRESSIVE;
				GCC_WARN_UNUSED_FUNCTION = YES;
				GCC_WARN_UNUSED_VARIABLE = YES;
				IPHONEOS_DEPLOYMENT_TARGET = 15.4;
				MTL_ENABLE_DEBUG_INFO = INCLUDE_SOURCE;
				MTL_FAST_MATH = YES;
				ONLY_ACTIVE_ARCH = YES;
				SDKROOT = iphoneos;
				SWIFT_ACTIVE_COMPILATION_CONDITIONS = DEBUG;
				SWIFT_OPTIMIZATION_LEVEL = "-Onone";
			};
			name = Debug;
		};
		93EEEC162816EEAC00D3E757 /* Release */ = {
			isa = XCBuildConfiguration;
			buildSettings = {
				ALWAYS_SEARCH_USER_PATHS = NO;
				CLANG_ANALYZER_NONNULL = YES;
				CLANG_ANALYZER_NUMBER_OBJECT_CONVERSION = YES_AGGRESSIVE;
				CLANG_CXX_LANGUAGE_STANDARD = "gnu++17";
				CLANG_ENABLE_MODULES = YES;
				CLANG_ENABLE_OBJC_ARC = YES;
				CLANG_ENABLE_OBJC_WEAK = YES;
				CLANG_WARN_BLOCK_CAPTURE_AUTORELEASING = YES;
				CLANG_WARN_BOOL_CONVERSION = YES;
				CLANG_WARN_COMMA = YES;
				CLANG_WARN_CONSTANT_CONVERSION = YES;
				CLANG_WARN_DEPRECATED_OBJC_IMPLEMENTATIONS = YES;
				CLANG_WARN_DIRECT_OBJC_ISA_USAGE = YES_ERROR;
				CLANG_WARN_DOCUMENTATION_COMMENTS = YES;
				CLANG_WARN_EMPTY_BODY = YES;
				CLANG_WARN_ENUM_CONVERSION = YES;
				CLANG_WARN_INFINITE_RECURSION = YES;
				CLANG_WARN_INT_CONVERSION = YES;
				CLANG_WARN_NON_LITERAL_NULL_CONVERSION = YES;
				CLANG_WARN_OBJC_IMPLICIT_RETAIN_SELF = YES;
				CLANG_WARN_OBJC_LITERAL_CONVERSION = YES;
				CLANG_WARN_OBJC_ROOT_CLASS = YES_ERROR;
				CLANG_WARN_QUOTED_INCLUDE_IN_FRAMEWORK_HEADER = YES;
				CLANG_WARN_RANGE_LOOP_ANALYSIS = YES;
				CLANG_WARN_STRICT_PROTOTYPES = YES;
				CLANG_WARN_SUSPICIOUS_MOVE = YES;
				CLANG_WARN_UNGUARDED_AVAILABILITY = YES_AGGRESSIVE;
				CLANG_WARN_UNREACHABLE_CODE = YES;
				CLANG_WARN__DUPLICATE_METHOD_MATCH = YES;
				COPY_PHASE_STRIP = NO;
				DEBUG_INFORMATION_FORMAT = "dwarf-with-dsym";
				ENABLE_NS_ASSERTIONS = NO;
				ENABLE_STRICT_OBJC_MSGSEND = YES;
				GCC_C_LANGUAGE_STANDARD = gnu11;
				GCC_NO_COMMON_BLOCKS = YES;
				GCC_WARN_64_TO_32_BIT_CONVERSION = YES;
				GCC_WARN_ABOUT_RETURN_TYPE = YES_ERROR;
				GCC_WARN_UNDECLARED_SELECTOR = YES;
				GCC_WARN_UNINITIALIZED_AUTOS = YES_AGGRESSIVE;
				GCC_WARN_UNUSED_FUNCTION = YES;
				GCC_WARN_UNUSED_VARIABLE = YES;
				IPHONEOS_DEPLOYMENT_TARGET = 15.4;
				MTL_ENABLE_DEBUG_INFO = NO;
				MTL_FAST_MATH = YES;
				SDKROOT = iphoneos;
				SWIFT_COMPILATION_MODE = wholemodule;
				SWIFT_OPTIMIZATION_LEVEL = "-O";
				VALIDATE_PRODUCT = YES;
			};
			name = Release;
		};
		93EEEC182816EEAC00D3E757 /* Debug */ = {
			isa = XCBuildConfiguration;
			baseConfigurationReference = 50E5BD3AC0DBEC3B93EE115B /* Pods-How'd You Shoot?.debug.xcconfig */;
			buildSettings = {
				ASSETCATALOG_COMPILER_APPICON_NAME = AppIcon;
				ASSETCATALOG_COMPILER_GLOBAL_ACCENT_COLOR_NAME = AccentColor;
				CODE_SIGN_STYLE = Automatic;
				CURRENT_PROJECT_VERSION = 1;
				DEVELOPMENT_TEAM = 9BT9ZG6WD3;
				GENERATE_INFOPLIST_FILE = YES;
				INFOPLIST_FILE = "How'd You Shoot?/Info.plist";
				INFOPLIST_KEY_UIApplicationSupportsIndirectInputEvents = YES;
				INFOPLIST_KEY_UILaunchStoryboardName = LaunchScreen;
				INFOPLIST_KEY_UIMainStoryboardFile = Main;
				INFOPLIST_KEY_UISupportedInterfaceOrientations_iPad = "UIInterfaceOrientationPortrait UIInterfaceOrientationPortraitUpsideDown UIInterfaceOrientationLandscapeLeft UIInterfaceOrientationLandscapeRight";
				INFOPLIST_KEY_UISupportedInterfaceOrientations_iPhone = "UIInterfaceOrientationPortrait UIInterfaceOrientationLandscapeLeft UIInterfaceOrientationLandscapeRight";
				LD_RUNPATH_SEARCH_PATHS = (
					"$(inherited)",
					"@executable_path/Frameworks",
				);
				MARKETING_VERSION = 1.0;
				PRODUCT_BUNDLE_IDENTIFIER = "Chris-Bond.How-d-You-Shoot-";
				PRODUCT_NAME = "$(TARGET_NAME)";
				SWIFT_EMIT_LOC_STRINGS = YES;
				SWIFT_VERSION = 5.0;
				TARGETED_DEVICE_FAMILY = "1,2";
			};
			name = Debug;
		};
		93EEEC192816EEAC00D3E757 /* Release */ = {
			isa = XCBuildConfiguration;
			baseConfigurationReference = 9A0508C1F6DC5EE901700D5B /* Pods-How'd You Shoot?.release.xcconfig */;
			buildSettings = {
				ASSETCATALOG_COMPILER_APPICON_NAME = AppIcon;
				ASSETCATALOG_COMPILER_GLOBAL_ACCENT_COLOR_NAME = AccentColor;
				CODE_SIGN_STYLE = Automatic;
				CURRENT_PROJECT_VERSION = 1;
				DEVELOPMENT_TEAM = 9BT9ZG6WD3;
				GENERATE_INFOPLIST_FILE = YES;
				INFOPLIST_FILE = "How'd You Shoot?/Info.plist";
				INFOPLIST_KEY_UIApplicationSupportsIndirectInputEvents = YES;
				INFOPLIST_KEY_UILaunchStoryboardName = LaunchScreen;
				INFOPLIST_KEY_UIMainStoryboardFile = Main;
				INFOPLIST_KEY_UISupportedInterfaceOrientations_iPad = "UIInterfaceOrientationPortrait UIInterfaceOrientationPortraitUpsideDown UIInterfaceOrientationLandscapeLeft UIInterfaceOrientationLandscapeRight";
				INFOPLIST_KEY_UISupportedInterfaceOrientations_iPhone = "UIInterfaceOrientationPortrait UIInterfaceOrientationLandscapeLeft UIInterfaceOrientationLandscapeRight";
				LD_RUNPATH_SEARCH_PATHS = (
					"$(inherited)",
					"@executable_path/Frameworks",
				);
				MARKETING_VERSION = 1.0;
				PRODUCT_BUNDLE_IDENTIFIER = "Chris-Bond.How-d-You-Shoot-";
				PRODUCT_NAME = "$(TARGET_NAME)";
				SWIFT_EMIT_LOC_STRINGS = YES;
				SWIFT_VERSION = 5.0;
				TARGETED_DEVICE_FAMILY = "1,2";
			};
			name = Release;
		};
/* End XCBuildConfiguration section */

/* Begin XCConfigurationList section */
		93EEEBFE2816EE9500D3E757 /* Build configuration list for PBXProject "How'd You Shoot?" */ = {
			isa = XCConfigurationList;
			buildConfigurations = (
				93EEEC152816EEAC00D3E757 /* Debug */,
				93EEEC162816EEAC00D3E757 /* Release */,
			);
			defaultConfigurationIsVisible = 0;
			defaultConfigurationName = Release;
		};
		93EEEC172816EEAC00D3E757 /* Build configuration list for PBXNativeTarget "How'd You Shoot?" */ = {
			isa = XCConfigurationList;
			buildConfigurations = (
				93EEEC182816EEAC00D3E757 /* Debug */,
				93EEEC192816EEAC00D3E757 /* Release */,
			);
			defaultConfigurationIsVisible = 0;
			defaultConfigurationName = Release;
		};
/* End XCConfigurationList section */
	};
	rootObject = 93EEEBFB2816EE9500D3E757 /* Project object */;
}
